
Microsoft Visual Studio Solution File, Format Version 12.00
# Visual Studio Version 17
VisualStudioVersion = 17.0.31903.59
MinimumVisualStudioVersion = 10.0.40219.1
Project("{FAE04EC0-301F-11D3-BF4B-00C04F79EFBC}") = "PasswordCracking", "PasswordCracking\PasswordCracking.csproj", "{C320B05B-F04D-47B9-843F-906B607745C6}"
EndProject
Project("{FAE04EC0-301F-11D3-BF4B-00C04F79EFBC}") = "PasswordCrackingGUI", "PasswordCrackingGUI\PasswordCrackingGUI.csproj", "{8168CB80-14B4-435A-8C25-714A73D04E84}"
EndProject
Global
	GlobalSection(SolutionConfigurationPlatforms) = preSolution
		Debug|Any CPU = Debug|Any CPU
		Release|Any CPU = Release|Any CPU
	EndGlobalSection
	GlobalSection(SolutionProperties) = preSolution
		HideSolutionNode = FALSE
	EndGlobalSection
	GlobalSection(ProjectConfigurationPlatforms) = postSolution
		{C320B05B-F04D-47B9-843F-906B607745C6}.Debug|Any CPU.ActiveCfg = Debug|Any CPU
		{C320B05B-F04D-47B9-843F-906B607745C6}.Debug|Any CPU.Build.0 = Debug|Any CPU
		{C320B05B-F04D-47B9-843F-906B607745C6}.Release|Any CPU.ActiveCfg = Release|Any CPU
		{C320B05B-F04D-47B9-843F-906B607745C6}.Release|Any CPU.Build.0 = Release|Any CPU
		{8168CB80-14B4-435A-8C25-714A73D04E84}.Debug|Any CPU.ActiveCfg = Debug|Any CPU
		{8168CB80-14B4-435A-8C25-714A73D04E84}.Debug|Any CPU.Build.0 = Debug|Any CPU
		{8168CB80-14B4-435A-8C25-714A73D04E84}.Release|Any CPU.ActiveCfg = Release|Any CPU
		{8168CB80-14B4-435A-8C25-714A73D04E84}.Release|Any CPU.Build.0 = Release|Any CPU
	EndGlobalSection
EndGlobal
